GITHUBTARBALL
  remote: andreimaxim/puppet-mariadb
  specs:
    mysql (0.0.1)

GITHUBTARBALL
  remote: boxen/puppet-alfred
  specs:
    alfred (1.1.8)

GITHUBTARBALL
  remote: boxen/puppet-boxen
  specs:
    boxen (3.5.0)

GITHUBTARBALL
  remote: boxen/puppet-caffeine
  specs:
    caffeine (1.0.0)

GITHUBTARBALL
  remote: boxen/puppet-chocolat
  specs:
    chocolat (1.0.2)

GITHUBTARBALL
  remote: boxen/puppet-chrome
  specs:
    chrome (1.1.2)

GITHUBTARBALL
  remote: boxen/puppet-dnsmasq
  specs:
    dnsmasq (1.0.1)

GITHUBTARBALL
  remote: boxen/puppet-dropbox
  specs:
    dropbox (1.2.0)

GITHUBTARBALL
  remote: boxen/puppet-firefox
  specs:
    firefox (1.1.9)

GITHUBTARBALL
  remote: boxen/puppet-foreman
  specs:
    foreman (1.2.0)

GITHUBTARBALL
  remote: boxen/puppet-gcc
  specs:
    gcc (2.0.100)

GITHUBTARBALL
  remote: boxen/puppet-git
  specs:
    git (2.2.2)

GITHUBTARBALL
  remote: boxen/puppet-go
  specs:
    go (1.1.0)

GITHUBTARBALL
  remote: boxen/puppet-googledrive
  specs:
    googledrive (1.0.2)

GITHUBTARBALL
  remote: boxen/puppet-handbrake
  specs:
    handbrake (1.0.1)

GITHUBTARBALL
  remote: boxen/puppet-homebrew
  specs:
    homebrew (1.6.1)

GITHUBTARBALL
  remote: boxen/puppet-hub
  specs:
    hub (1.3.0)

GITHUBTARBALL
  remote: boxen/puppet-iterm2
  specs:
    iterm2 (1.0.4)

GITHUBTARBALL
  remote: boxen/puppet-java
  specs:
    java (1.5.0)

GITHUBTARBALL
  remote: boxen/puppet-nodejs
  specs:
    nodejs (3.7.0)

GITHUBTARBALL
  remote: boxen/puppet-openssl
  specs:
    openssl (1.0.0)

GITHUBTARBALL
  remote: boxen/puppet-osx
  specs:
    osx (2.2.2)

GITHUBTARBALL
  remote: boxen/puppet-phantomjs
  specs:
    phantomjs (2.1.0)

GITHUBTARBALL
  remote: boxen/puppet-pkgconfig
  specs:
    pkgconfig (1.0.0)

GITHUBTARBALL
  remote: boxen/puppet-postgresapp
  specs:
    postgresapp (1.0.0)

GITHUBTARBALL
  remote: boxen/puppet-redis
  specs:
    redis (3.0.3)

GITHUBTARBALL
  remote: boxen/puppet-repository
  specs:
    repository (2.3.0)

GITHUBTARBALL
  remote: boxen/puppet-ruby
  specs:
    ruby (7.2.4)

GITHUBTARBALL
  remote: boxen/puppet-skype
  specs:
    skype (1.0.8)

GITHUBTARBALL
  remote: boxen/puppet-sudo
  specs:
    sudo (1.0.0)

GITHUBTARBALL
  remote: boxen/puppet-teamviewer
  specs:
    teamviewer (1.0.1)

GITHUBTARBALL
  remote: boxen/puppet-textmate
  specs:
    textmate (1.1.0)

GITHUBTARBALL
  remote: boxen/puppet-textwrangler
  specs:
    textwrangler (1.0.2)

GITHUBTARBALL
  remote: boxen/puppet-transmission
  specs:
    transmission (1.1.0)

GITHUBTARBALL
  remote: boxen/puppet-vagrant
  specs:
    vagrant (3.0.7)

GITHUBTARBALL
  remote: boxen/puppet-virtualbox
  specs:
    virtualbox (1.0.11)

GITHUBTARBALL
  remote: boxen/puppet-vlc
  specs:
    vlc (1.0.5)

GITHUBTARBALL
  remote: boxen/puppet-xquartz
  specs:
    xquartz (1.1.1)

GITHUBTARBALL
  remote: boxen/puppet-zsh
  specs:
    zsh (1.0.0)

GITHUBTARBALL
  remote: dieterdemeyer/puppet-emacs_for_mac
  specs:
    emacs_for_mac (1.1.0)

GITHUBTARBALL
  remote: grahamgilbert/puppet-autodmg
  specs:
    autodmg (0.0.1)

GITHUBTARBALL
  remote: grahamgilbert/puppet-dockutil
  specs:
    dockutil (0.1.3)

GITHUBTARBALL
  remote: grahamgilbert/puppet-fluid
  specs:
    fluid (1.1.1)

GITHUBTARBALL
  remote: kevinSuttle/puppet-appcleaner
  specs:
    appcleaner (1.0.0)

GITHUBTARBALL
  remote: pebbleit/puppet-macdefaults
  specs:
    macdefaults (0.0.1)

GITHUBTARBALL
  remote: puppetlabs/puppetlabs-inifile
  specs:
    inifile (1.0.3)

GITHUBTARBALL
  remote: puppetlabs/puppetlabs-stdlib
  specs:
    stdlib (4.1.0)

GITHUBTARBALL
  remote: redguava/puppet-screenflow
  specs:
    screenflow (1.0.0)

GITHUBTARBALL
  remote: ripienaar/puppet-module-data
  specs:
    module-data (0.0.3)

GITHUBTARBALL
  remote: samjsharpe/puppet-ohmyzsh
  specs:
    ohmyzsh (1.0.0)

DEPENDENCIES
  alfred (= 1.1.8)
  appcleaner (= 1.0.0)
  autodmg (= 0.0.1)
  boxen (= 3.5.0)
  caffeine (= 1.0.0)
  chocolat (= 1.0.2)
  chrome (= 1.1.2)
  dnsmasq (= 1.0.1)
  dockutil (= 0.1.3)
  dropbox (= 1.2.0)
  emacs_for_mac (= 1.1.0)
  firefox (= 1.1.9)
  fluid (= 1.1.1)
  foreman (= 1.2.0)
  gcc (= 2.0.100)
  git (= 2.2.2)
  go (= 1.1.0)
  googledrive (= 1.0.2)
  handbrake (= 1.0.1)
  homebrew (= 1.6.1)
  hub (= 1.3.0)
  inifile (= 1.0.3)
  iterm2 (= 1.0.4)
  java (= 1.5.0)
  macdefaults (= 0.0.1)
  module-data (= 0.0.3)
  mysql (= 0.0.1)
  nodejs (= 3.7.0)
  ohmyzsh (= 1.0.0)
  openssl (= 1.0.0)
  openssl (= 1.0.0)
  osx (= 2.2.2)
  phantomjs (= 2.1.0)
  pkgconfig (= 1.0.0)
  postgresapp (= 1.0.0)
  redis (= 3.0.3)
  repository (= 2.3.0)
  ruby (= 7.2.4)
  screenflow (= 1.0.0)
  skype (= 1.0.8)
  stdlib (= 4.1.0)
  sudo (= 1.0.0)
  teamviewer (= 1.0.1)
  textmate (= 1.1.0)
  textwrangler (= 1.0.2)
  transmission (= 1.1.0)
  vagrant (= 3.0.7)
  virtualbox (= 1.0.11)
  vlc (= 1.0.5)
  xquartz (= 1.1.1)
  zsh (= 1.0.0)

